{
  "name": "5.7",
  "lockfileVersion": 3,
  "requires": true,
  "packages": {
    "": {
      "dependencies": {
        "types-registry": "^0.1.709"
      }
    },
    "node_modules/types-registry": {
      "version": "0.1.709",
      "resolved": "https://registry.npmjs.org/types-registry/-/types-registry-0.1.709.tgz",
      "integrity": "sha512-TH+aHR5yuSMMMb00W0GzvxGLXc1zXy0QTs0XoFcGSHTX6tleRc1Q7ua5i+3nKPAJrwiTGjYxhu3nTkY/J+64eQ==",
      "license": "MIT"
    }
  }
}
